Microsoft Visual Studio Solution File, Format Version 12.00
# Visual Studio Version 17
VisualStudioVersion = 17.0.31903.59
MinimumVisualStudioVersion = 10.0.40219.1
Project("{2150E333-8FDC-42A3-9474-1A3956D46DE8}") = "src", "src", "{E0B5A9F7-1C3B-4B7C-9C5B-1A2B3C4D5E6F}"
EndProject
Project("{2150E333-8FDC-42A3-9474-1A3956D46DE8}") = "tests", "tests", "{F1A2B3C4-D5E6-F7A8-B9C0-D1E2F3A4B5C6}"
EndProject
Project("{9A19103F-16F7-4668-BE54-9A1E7A4F7556}") = "McpServer.Domain", "src\McpServer.Domain\McpServer.Domain.csproj", "{A1B2C3D4-E5F6-7890-1234-567890ABCDEF}"
EndProject
Project("{9A19103F-16F7-4668-BE54-9A1E7A4F7556}") = "McpServer.Application", "src\McpServer.Application\McpServer.Application.csproj", "{B2C3D4E5-F6A7-8901-2345-6789ABCDEF01}"
EndProject
Project("{9A19103F-16F7-4668-BE54-9A1E7A4F7556}") = "McpServer.Infrastructure", "src\McpServer.Infrastructure\McpServer.Infrastructure.csproj", "{C3D4E5F6-A7B8-9012-3456-789ABCDEF012}"
EndProject
Project("{9A19103F-16F7-4668-BE54-9A1E7A4F7556}") = "McpServer.Web", "src\McpServer.Web\McpServer.Web.csproj", "{D4E5F6A7-B8C9-0123-4567-89ABCDEF0123}"
EndProject
Project("{9A19103F-16F7-4668-BE54-9A1E7A4F7556}") = "McpServer.Console", "src\McpServer.Console\McpServer.Console.csproj", "{E5F6A7B8-C9D0-1234-5678-9ABCDEF01234}"
EndProject
Project("{9A19103F-16F7-4668-BE54-9A1E7A4F7556}") = "McpServer.Abstractions", "src\McpServer.Abstractions\McpServer.Abstractions.csproj", "{F6A7B8C9-D0E1-2345-6789-ABCDEF012345}"
EndProject
Project("{9A19103F-16F7-4668-BE54-9A1E7A4F7556}") = "McpServer.Domain.Tests", "tests\McpServer.Domain.Tests\McpServer.Domain.Tests.csproj", "{A7B8C9D0-E1F2-3456-789A-BCDEF0123456}"
EndProject
Project("{9A19103F-16F7-4668-BE54-9A1E7A4F7556}") = "McpServer.Application.Tests", "tests\McpServer.Application.Tests\McpServer.Application.Tests.csproj", "{B8C9D0E1-F2A3-4567-89AB-CDEF01234567}"
EndProject
Project("{9A19103F-16F7-4668-BE54-9A1E7A4F7556}") = "McpServer.Infrastructure.Tests", "tests\McpServer.Infrastructure.Tests\McpServer.Infrastructure.Tests.csproj", "{C9D0E1F2-A3B4-5678-9ABC-DEF012345678}"
EndProject
Project("{9A19103F-16F7-4668-BE54-9A1E7A4F7556}") = "McpServer.Web.Tests", "tests\McpServer.Web.Tests\McpServer.Web.Tests.csproj", "{D0E1F2A3-B4C5-6789-ABCD-EF0123456789}"
EndProject
Project("{9A19103F-16F7-4668-BE54-9A1E7A4F7556}") = "McpServer.Integration.Tests", "tests\McpServer.Integration.Tests\McpServer.Integration.Tests.csproj", "{E1F2A3B4-C5D6-789A-BCDE-F01234567890}"
EndProject
Global
	GlobalSection(SolutionConfigurationPlatforms) = preSolution
		Debug|Any CPU = Debug|Any CPU
		Release|Any CPU = Release|Any CPU
	EndGlobalSection
	GlobalSection(ProjectConfigurationPlatforms) = postSolution
		{A1B2C3D4-E5F6-7890-1234-567890ABCDEF}.Debug|Any CPU.ActiveCfg = Debug|Any CPU
		{A1B2C3D4-E5F6-7890-1234-567890ABCDEF}.Debug|Any CPU.Build.0 = Debug|Any CPU
		{A1B2C3D4-E5F6-7890-1234-567890ABCDEF}.Release|Any CPU.ActiveCfg = Release|Any CPU
		{A1B2C3D4-E5F6-7890-1234-567890ABCDEF}.Release|Any CPU.Build.0 = Release|Any CPU
		{B2C3D4E5-F6A7-8901-2345-6789ABCDEF01}.Debug|Any CPU.ActiveCfg = Debug|Any CPU
		{B2C3D4E5-F6A7-8901-2345-6789ABCDEF01}.Debug|Any CPU.Build.0 = Debug|Any CPU
		{B2C3D4E5-F6A7-8901-2345-6789ABCDEF01}.Release|Any CPU.ActiveCfg = Release|Any CPU
		{B2C3D4E5-F6A7-8901-2345-6789ABCDEF01}.Release|Any CPU.Build.0 = Release|Any CPU
		{C3D4E5F6-A7B8-9012-3456-789ABCDEF012}.Debug|Any CPU.ActiveCfg = Debug|Any CPU
		{C3D4E5F6-A7B8-9012-3456-789ABCDEF012}.Debug|Any CPU.Build.0 = Debug|Any CPU
		{C3D4E5F6-A7B8-9012-3456-789ABCDEF012}.Release|Any CPU.ActiveCfg = Release|Any CPU
		{C3D4E5F6-A7B8-9012-3456-789ABCDEF012}.Release|Any CPU.Build.0 = Release|Any CPU
		{D4E5F6A7-B8C9-0123-4567-89ABCDEF0123}.Debug|Any CPU.ActiveCfg = Debug|Any CPU
		{D4E5F6A7-B8C9-0123-4567-89ABCDEF0123}.Debug|Any CPU.Build.0 = Debug|Any CPU
		{D4E5F6A7-B8C9-0123-4567-89ABCDEF0123}.Release|Any CPU.ActiveCfg = Release|Any CPU
		{D4E5F6A7-B8C9-0123-4567-89ABCDEF0123}.Release|Any CPU.Build.0 = Release|Any CPU
		{E5F6A7B8-C9D0-1234-5678-9ABCDEF01234}.Debug|Any CPU.ActiveCfg = Debug|Any CPU
		{E5F6A7B8-C9D0-1234-5678-9ABCDEF01234}.Debug|Any CPU.Build.0 = Debug|Any CPU
		{E5F6A7B8-C9D0-1234-5678-9ABCDEF01234}.Release|Any CPU.ActiveCfg = Release|Any CPU
		{E5F6A7B8-C9D0-1234-5678-9ABCDEF01234}.Release|Any CPU.Build.0 = Release|Any CPU
		{F6A7B8C9-D0E1-2345-6789-ABCDEF012345}.Debug|Any CPU.ActiveCfg = Debug|Any CPU
		{F6A7B8C9-D0E1-2345-6789-ABCDEF012345}.Debug|Any CPU.Build.0 = Debug|Any CPU
		{F6A7B8C9-D0E1-2345-6789-ABCDEF012345}.Release|Any CPU.ActiveCfg = Release|Any CPU
		{F6A7B8C9-D0E1-2345-6789-ABCDEF012345}.Release|Any CPU.Build.0 = Release|Any CPU
		{A7B8C9D0-E1F2-3456-789A-BCDEF0123456}.Debug|Any CPU.ActiveCfg = Debug|Any CPU
		{A7B8C9D0-E1F2-3456-789A-BCDEF0123456}.Debug|Any CPU.Build.0 = Debug|Any CPU
		{A7B8C9D0-E1F2-3456-789A-BCDEF0123456}.Release|Any CPU.ActiveCfg = Release|Any CPU
		{A7B8C9D0-E1F2-3456-789A-BCDEF0123456}.Release|Any CPU.Build.0 = Release|Any CPU
		{B8C9D0E1-F2A3-4567-89AB-CDEF01234567}.Debug|Any CPU.ActiveCfg = Debug|Any CPU
		{B8C9D0E1-F2A3-4567-89AB-CDEF01234567}.Debug|Any CPU.Build.0 = Debug|Any CPU
		{B8C9D0E1-F2A3-4567-89AB-CDEF01234567}.Release|Any CPU.ActiveCfg = Release|Any CPU
		{B8C9D0E1-F2A3-4567-89AB-CDEF01234567}.Release|Any CPU.Build.0 = Release|Any CPU
		{C9D0E1F2-A3B4-5678-9ABC-DEF012345678}.Debug|Any CPU.ActiveCfg = Debug|Any CPU
		{C9D0E1F2-A3B4-5678-9ABC-DEF012345678}.Debug|Any CPU.Build.0 = Debug|Any CPU
		{C9D0E1F2-A3B4-5678-9ABC-DEF012345678}.Release|Any CPU.ActiveCfg = Release|Any CPU
		{C9D0E1F2-A3B4-5678-9ABC-DEF012345678}.Release|Any CPU.Build.0 = Release|Any CPU
		{D0E1F2A3-B4C5-6789-ABCD-EF0123456789}.Debug|Any CPU.ActiveCfg = Debug|Any CPU
		{D0E1F2A3-B4C5-6789-ABCD-EF0123456789}.Debug|Any CPU.Build.0 = Debug|Any CPU
		{D0E1F2A3-B4C5-6789-ABCD-EF0123456789}.Release|Any CPU.ActiveCfg = Release|Any CPU
		{D0E1F2A3-B4C5-6789-ABCD-EF0123456789}.Release|Any CPU.Build.0 = Release|Any CPU
		{E1F2A3B4-C5D6-789A-BCDE-F01234567890}.Debug|Any CPU.ActiveCfg = Debug|Any CPU
		{E1F2A3B4-C5D6-789A-BCDE-F01234567890}.Debug|Any CPU.Build.0 = Debug|Any CPU
		{E1F2A3B4-C5D6-789A-BCDE-F01234567890}.Release|Any CPU.ActiveCfg = Release|Any CPU
		{E1F2A3B4-C5D6-789A-BCDE-F01234567890}.Release|Any CPU.Build.0 = Release|Any CPU
	EndGlobalSection
	GlobalSection(NestedProjects) = preSolution
		{A1B2C3D4-E5F6-7890-1234-567890ABCDEF} = {E0B5A9F7-1C3B-4B7C-9C5B-1A2B3C4D5E6F}
		{B2C3D4E5-F6A7-8901-2345-6789ABCDEF01} = {E0B5A9F7-1C3B-4B7C-9C5B-1A2B3C4D5E6F}
		{C3D4E5F6-A7B8-9012-3456-789ABCDEF012} = {E0B5A9F7-1C3B-4B7C-9C5B-1A2B3C4D5E6F}
		{D4E5F6A7-B8C9-0123-4567-89ABCDEF0123} = {E0B5A9F7-1C3B-4B7C-9C5B-1A2B3C4D5E6F}
		{E5F6A7B8-C9D0-1234-5678-9ABCDEF01234} = {E0B5A9F7-1C3B-4B7C-9C5B-1A2B3C4D5E6F}
		{F6A7B8C9-D0E1-2345-6789-ABCDEF012345} = {E0B5A9F7-1C3B-4B7C-9C5B-1A2B3C4D5E6F}
		{A7B8C9D0-E1F2-3456-789A-BCDEF0123456} = {F1A2B3C4-D5E6-F7A8-B9C0-D1E2F3A4B5C6}
		{B8C9D0E1-F2A3-4567-89AB-CDEF01234567} = {F1A2B3C4-D5E6-F7A8-B9C0-D1E2F3A4B5C6}
		{C9D0E1F2-A3B4-5678-9ABC-DEF012345678} = {F1A2B3C4-D5E6-F7A8-B9C0-D1E2F3A4B5C6}
		{D0E1F2A3-B4C5-6789-ABCD-EF0123456789} = {F1A2B3C4-D5E6-F7A8-B9C0-D1E2F3A4B5C6}
		{E1F2A3B4-C5D6-789A-BCDE-F01234567890} = {F1A2B3C4-D5E6-F7A8-B9C0-D1E2F3A4B5C6}
	EndGlobalSection
EndGlobal